
Microsoft Visual Studio Solution File, Format Version 12.00
# Visual Studio Version 17
VisualStudioVersion = 17.13.35931.197 d17.13
MinimumVisualStudioVersion = 10.0.40219.1
Project("{FAE04EC0-301F-11D3-BF4B-00C04F79EFBC}") = "Mini_Banking", "Mini_Banking\Mini_Banking.csproj", "{62C6C42F-89D3-492A-AECF-CF1A1F7821B9}"
EndProject
Global
	GlobalSection(SolutionConfigurationPlatforms) = preSolution
		Debug|Any CPU = Debug|Any CPU
		Release|Any CPU = Release|Any CPU
	EndGlobalSection
	GlobalSection(ProjectConfigurationPlatforms) = postSolution
		{62C6C42F-89D3-492A-AECF-CF1A1F7821B9}.Debug|Any CPU.ActiveCfg = Debug|Any CPU
		{62C6C42F-89D3-492A-AECF-CF1A1F7821B9}.Debug|Any CPU.Build.0 = Debug|Any CPU
		{62C6C42F-89D3-492A-AECF-CF1A1F7821B9}.Release|Any CPU.ActiveCfg = Release|Any CPU
		{62C6C42F-89D3-492A-AECF-CF1A1F7821B9}.Release|Any CPU.Build.0 = Release|Any CPU
	EndGlobalSection
	GlobalSection(SolutionProperties) = preSolution
		HideSolutionNode = FALSE
	EndGlobalSection
	GlobalSection(ExtensibilityGlobals) = postSolution
		SolutionGuid = {20E12D58-41DC-424E-94D2-EB14490CC43E}
	EndGlobalSection
EndGlobal
